{"projectHash":"8b6f043553af07ba7157e76b8146a2971636a304","productModuleName":"CryptoTests","mockedTypeNames":["\/Users\/rilwanulhuda\/Projects\/Crypto-VIP\/CryptoTests\/NewsTests.swift",["NewsManager"],"\/Users\/rilwanulhuda\/Projects\/Crypto-VIP\/CryptoTests\/HomeTests.swift",["HomeManager","WSService"],"\/Users\/rilwanulhuda\/Projects\/Crypto-VIP\/CryptoTests\/CryptoTests.swift",["NetworkService"]],"cliVersion":"0.16.0","configHash":"73252dec37200c2c0d4a739247a293141ae14880","sourceRoot":"\/Users\/rilwanulhuda\/Projects\/Crypto-VIP","sourceFilePaths":[{"path":"\/Users\/rilwanulhuda\/Projects\/Crypto-VIP\/CryptoTests\/CryptoTests.swift","hash":"9c048016f061ec2b64a1fcb17baa6fce31dd86a9"},{"path":"\/Users\/rilwanulhuda\/Projects\/Crypto-VIP\/CryptoTests\/HomeTests.swift","hash":"4cb7dd3a7bec2838c9967c0b5434fe9b3ee2d504"},{"path":"\/Users\/rilwanulhuda\/Projects\/Crypto-VIP\/CryptoTests\/NewsTests.swift","hash":"f87c6c75bd862fabfbbd5cbf148e80bd77da6073"},{"path":"\/Users\/rilwanulhuda\/Projects\/Crypto-VIP\/MockingbirdMocks\/CryptoTests-CryptoMocks.generated.swift","hash":"855d53b8bcd8fff766d7b35c6bf59f65b9940923"}],"dependencies":[],"name":"CryptoTests"}