{"cliVersion":"0.16.0","productModuleName":"Crypto","sourceFilePaths":[{"path":"\/Users\/rilwanulhuda\/Projects\/Crypto-VIP\/Crypto\/AppRouter\/AppRouter.swift","hash":"6e1cc8250296b4c62c8696461903e0532554034c"},{"path":"\/Users\/rilwanulhuda\/Projects\/Crypto-VIP\/Crypto\/AppRouter\/CRRoute.swift","hash":"6874749058c0ccddada47dcfab887f690dc65b8d"},{"path":"\/Users\/rilwanulhuda\/Projects\/Crypto-VIP\/Crypto\/Application\/AppDelegate.swift","hash":"4c7d56d5116f7026918cebde73da69f0037bc21d"},{"path":"\/Users\/rilwanulhuda\/Projects\/Crypto-VIP\/Crypto\/Application\/ViewController.swift","hash":"7286aa75fc8c412861fcaf14c6da87194af22b1f"},{"path":"\/Users\/rilwanulhuda\/Projects\/Crypto-VIP\/Crypto\/Constant\/APIConstant.swift","hash":"ac366ceeacf93e611c09c4e3bc3402a1794e3742"},{"path":"\/Users\/rilwanulhuda\/Projects\/Crypto-VIP\/Crypto\/Constant\/Colors.swift","hash":"9c9a1bec0465d7e9c6b9c7bdef76511c461fdb88"},{"path":"\/Users\/rilwanulhuda\/Projects\/Crypto-VIP\/Crypto\/Constant\/Messages.swift","hash":"0b29232f439d98aaa7f0b9ffa160675573b02b45"},{"path":"\/Users\/rilwanulhuda\/Projects\/Crypto-VIP\/Crypto\/Extension\/Ext+Data.swift","hash":"9fc3ab6442696767597fbc3a41fd838da782bca6"},{"path":"\/Users\/rilwanulhuda\/Projects\/Crypto-VIP\/Crypto\/Extension\/Ext+Dictionary.swift","hash":"96570a28ec83fc31a464165e9b00fb4f8319b973"},{"path":"\/Users\/rilwanulhuda\/Projects\/Crypto-VIP\/Crypto\/Extension\/Ext+Double.swift","hash":"4c37464e8c6da94b700be6c64c55793dfebb5efb"},{"path":"\/Users\/rilwanulhuda\/Projects\/Crypto-VIP\/Crypto\/Extension\/Ext+String.swift","hash":"4e91477faf3c045f6370c55a45ca0a5b1599e56a"},{"path":"\/Users\/rilwanulhuda\/Projects\/Crypto-VIP\/Crypto\/Extension\/Ext+UIApplication.swift","hash":"7ab72b3788c359fd4d73f76dd0b11697937c5070"},{"path":"\/Users\/rilwanulhuda\/Projects\/Crypto-VIP\/Crypto\/Extension\/Ext+UIButton.swift","hash":"283e3b583ed2fd442fb0c76525330c9e2f6abbf4"},{"path":"\/Users\/rilwanulhuda\/Projects\/Crypto-VIP\/Crypto\/Extension\/Ext+UITableView.swift","hash":"4bdf068d3d86bdd19d60811504e1fc2f20bbe305"},{"path":"\/Users\/rilwanulhuda\/Projects\/Crypto-VIP\/Crypto\/Extension\/Ext+UIView.swift","hash":"1af57f7d536f3b7ecc2f7943633e5e1d343f0fb7"},{"path":"\/Users\/rilwanulhuda\/Projects\/Crypto-VIP\/Crypto\/Extension\/Ext+UIViewController.swift","hash":"0bcd3721b15629852446170ed9386cb5e91b6e1d"},{"path":"\/Users\/rilwanulhuda\/Projects\/Crypto-VIP\/Crypto\/Manager\/HomeManager.swift","hash":"5a9ff662ea5e31cec8105445508595c2f06aa5bf"},{"path":"\/Users\/rilwanulhuda\/Projects\/Crypto-VIP\/Crypto\/Manager\/NewsManager.swift","hash":"9af679c570bf15ac142f0bb1c581e94eae07b6c1"},{"path":"\/Users\/rilwanulhuda\/Projects\/Crypto-VIP\/Crypto\/MockResponse\/MockResponse.swift","hash":"70e1138e7f6afbc734932f4d91c3843fa13e5c9d"},{"path":"\/Users\/rilwanulhuda\/Projects\/Crypto-VIP\/Crypto\/Model\/NewsModel.swift","hash":"5d3e8e2fc77588333b3bfc06978c3ec906a1267e"},{"path":"\/Users\/rilwanulhuda\/Projects\/Crypto-VIP\/Crypto\/Model\/NewsRequestModel.swift","hash":"7d8917e01e9f3783818ec18d4dcf28d392dbf6d6"},{"path":"\/Users\/rilwanulhuda\/Projects\/Crypto-VIP\/Crypto\/Model\/NewsResponseModel.swift","hash":"fbfde53a7a93bdb29c49c77badba282d044dbc8d"},{"path":"\/Users\/rilwanulhuda\/Projects\/Crypto-VIP\/Crypto\/Model\/SubscriptionModel.swift","hash":"20ebd6e6865d3c0381ea1e663ca736aed69155e6"},{"path":"\/Users\/rilwanulhuda\/Projects\/Crypto-VIP\/Crypto\/Model\/TopListModel.swift","hash":"b90430d9634e4a4124dc3dee1a883cb8416ab236"},{"path":"\/Users\/rilwanulhuda\/Projects\/Crypto-VIP\/Crypto\/Model\/TopListRequestModel.swift","hash":"00397f1e208fdc84c84515eacdcf33feec453a76"},{"path":"\/Users\/rilwanulhuda\/Projects\/Crypto-VIP\/Crypto\/Model\/TopListResponseModel.swift","hash":"769a95d5d2e5533a8ad904c5043c088fb2f6897d"},{"path":"\/Users\/rilwanulhuda\/Projects\/Crypto-VIP\/Crypto\/Module\/Home\/HomeFactory.swift","hash":"b04fcd425166493bf1a72f1366ba602840fd301d"},{"path":"\/Users\/rilwanulhuda\/Projects\/Crypto-VIP\/Crypto\/Module\/Home\/HomeInteractor.swift","hash":"241a0f55bfaa5f3fcc1b864e116462babe59d5db"},{"path":"\/Users\/rilwanulhuda\/Projects\/Crypto-VIP\/Crypto\/Module\/Home\/HomePresenter.swift","hash":"21dae9560daed6e35b8bab8a3febecbe59de916d"},{"path":"\/Users\/rilwanulhuda\/Projects\/Crypto-VIP\/Crypto\/Module\/Home\/HomeRouter.swift","hash":"ea414563491a40056b8b7a9422de9a6c7b17fac1"},{"path":"\/Users\/rilwanulhuda\/Projects\/Crypto-VIP\/Crypto\/Module\/Home\/HomeViewController.swift","hash":"b65355bc9c3046e8c7d04f5aa35f44e175ba7a5b"},{"path":"\/Users\/rilwanulhuda\/Projects\/Crypto-VIP\/Crypto\/Module\/News\/NewsFactory.swift","hash":"b413431da8e0f1f4fe3f86a906c523c9fe93dfa6"},{"path":"\/Users\/rilwanulhuda\/Projects\/Crypto-VIP\/Crypto\/Module\/News\/NewsInteractor.swift","hash":"8c863c123872c613633331a4e7d8529f9e281d94"},{"path":"\/Users\/rilwanulhuda\/Projects\/Crypto-VIP\/Crypto\/Module\/News\/NewsPresenter.swift","hash":"a4c95d43a3109ad41e3b850d8a0c463fb0b08554"},{"path":"\/Users\/rilwanulhuda\/Projects\/Crypto-VIP\/Crypto\/Module\/News\/NewsRouter.swift","hash":"63f978a698d10462ccd986cdf94e2505573af936"},{"path":"\/Users\/rilwanulhuda\/Projects\/Crypto-VIP\/Crypto\/Module\/News\/NewsViewController.swift","hash":"fe134884193881f76778e1ccea9b5ddc0324e9ba"},{"path":"\/Users\/rilwanulhuda\/Projects\/Crypto-VIP\/Crypto\/NetworkService\/Endpoint.swift","hash":"a6f280e20852dc8f8868c84e75af9fa7a3b277ad"},{"path":"\/Users\/rilwanulhuda\/Projects\/Crypto-VIP\/Crypto\/NetworkService\/NetworkService.swift","hash":"dc2123163d654e41dcc30d5d0f15ba40bd85e037"},{"path":"\/Users\/rilwanulhuda\/Projects\/Crypto-VIP\/Crypto\/ReusableView\/CustomXIBView\/CustomXIBView.swift","hash":"ce6e0f3e51b940bc1419a0a75c491f172dfa84db"},{"path":"\/Users\/rilwanulhuda\/Projects\/Crypto-VIP\/Crypto\/ReusableView\/LoadingView\/LoadingView.swift","hash":"6b3b9be07fd4db8b7d198ebd0ecf3461b17408ae"},{"path":"\/Users\/rilwanulhuda\/Projects\/Crypto-VIP\/Crypto\/ReusableView\/NewsCell\/NewsTableViewCell.swift","hash":"f3a786d42f359d2648d9941b880d48e418318603"},{"path":"\/Users\/rilwanulhuda\/Projects\/Crypto-VIP\/Crypto\/ReusableView\/ToastView\/Toast.swift","hash":"ead52a797010b2eb52160d6c2a6dfe58729415b8"},{"path":"\/Users\/rilwanulhuda\/Projects\/Crypto-VIP\/Crypto\/ReusableView\/ToastView\/ToastView.swift","hash":"d9623719f0562d04062b2aaa2348c81b0b67b6b5"},{"path":"\/Users\/rilwanulhuda\/Projects\/Crypto-VIP\/Crypto\/ReusableView\/TopListCell\/TopListTableViewCell.swift","hash":"db01471966b5468d8a2e67bf3f566bd2d7a22c4b"}],"configHash":"73252dec37200c2c0d4a739247a293141ae14880","dependencyPathsHash":"e8f40fa017ede4179aa9a50ceab7cfe03c9eee18","targetPathsHash":"6458568021b81d1c6705ab814596b7240bcb3144","mockedTypesHash":"4667fedcab4cb94793c4815d496a2e581e9b1e25","outputHash":"f9e9adc89bc984dd40553d4e765134e500d8d535","dependencies":[],"sourceRoot":"\/Users\/rilwanulhuda\/Projects\/Crypto-VIP","supportingFilePaths":[{"path":"\/Users\/rilwanulhuda\/Projects\/Crypto-VIP\/MockingbirdSupport\/AppKit\/NSResponder.swift","hash":"21296949c6d570892c8665a450e62c234c938790"},{"path":"\/Users\/rilwanulhuda\/Projects\/Crypto-VIP\/MockingbirdSupport\/AppKit\/NSView.swift","hash":"85b3183be144012a7e105e292426c3d9f8966072"},{"path":"\/Users\/rilwanulhuda\/Projects\/Crypto-VIP\/MockingbirdSupport\/AppKit\/NSViewController.swift","hash":"d8785e8a119f2723c8840534df0ad8ac61409797"},{"path":"\/Users\/rilwanulhuda\/Projects\/Crypto-VIP\/MockingbirdSupport\/Foundation\/ObjectiveC\/NSObject.swift","hash":"cf466772b8c2d80d31f34b93b501b398fbb8854d"},{"path":"\/Users\/rilwanulhuda\/Projects\/Crypto-VIP\/MockingbirdSupport\/Foundation\/ObjectiveC\/NSObject.swift","hash":"cf466772b8c2d80d31f34b93b501b398fbb8854d"},{"path":"\/Users\/rilwanulhuda\/Projects\/Crypto-VIP\/MockingbirdSupport\/Swift\/Codable.swift","hash":"57675d8b36a2db7b093b3542bd3225a88992c3bc"},{"path":"\/Users\/rilwanulhuda\/Projects\/Crypto-VIP\/MockingbirdSupport\/Swift\/Comparable.swift","hash":"d0d110744eeaf2f8fdd2f8a41df3452f35286bb7"},{"path":"\/Users\/rilwanulhuda\/Projects\/Crypto-VIP\/MockingbirdSupport\/Swift\/Equatable.swift","hash":"2e7674f4e23a5ab7aef45b91b63c0ed5934c3b83"},{"path":"\/Users\/rilwanulhuda\/Projects\/Crypto-VIP\/MockingbirdSupport\/Swift\/Hashable.swift","hash":"f59ec249aa03e312f2bda7c3b397c0dccd880a21"},{"path":"\/Users\/rilwanulhuda\/Projects\/Crypto-VIP\/MockingbirdSupport\/Swift\/Misc.swift","hash":"c139249ec5799f1ec64c3d9e7d8c1f286b894035"},{"path":"\/Users\/rilwanulhuda\/Projects\/Crypto-VIP\/MockingbirdSupport\/UIKit\/UIControl.swift","hash":"9363a4c38002598dbbc1198f16fe7198b8151d24"},{"path":"\/Users\/rilwanulhuda\/Projects\/Crypto-VIP\/MockingbirdSupport\/UIKit\/UILabel.swift","hash":"e26a734695bfe008598ed0d8c936683db78f40ac"},{"path":"\/Users\/rilwanulhuda\/Projects\/Crypto-VIP\/MockingbirdSupport\/UIKit\/UIView.swift","hash":"10e6b03a9c5a76f720c17fcb82af82ff66994926"},{"path":"\/Users\/rilwanulhuda\/Projects\/Crypto-VIP\/MockingbirdSupport\/UIKit\/UIViewController.swift","hash":"bbd8980a22029f339b0e8746124fd06d94730570"}],"name":"Crypto","projectHash":"e05d984394a05c45553c2df5694354ec87d379ae"}