{"projectHash":"e05d984394a05c45553c2df5694354ec87d379ae","productModuleName":"CryptoTests","mockedTypeNames":["\/Users\/rilwanulhuda\/Projects\/Crypto-VIP\/CryptoTests\/CryptoTests.swift",["NetworkService"],"\/Users\/rilwanulhuda\/Projects\/Crypto-VIP\/CryptoTests\/HomeTests.swift",["HomeManager"],"\/Users\/rilwanulhuda\/Projects\/Crypto-VIP\/CryptoTests\/NewsTests.swift",["NewsManager"]],"cliVersion":"0.16.0","configHash":"73252dec37200c2c0d4a739247a293141ae14880","sourceRoot":"\/Users\/rilwanulhuda\/Projects\/Crypto-VIP","sourceFilePaths":[{"path":"\/Users\/rilwanulhuda\/Projects\/Crypto-VIP\/CryptoTests\/CryptoTests.swift","hash":"9c048016f061ec2b64a1fcb17baa6fce31dd86a9"},{"path":"\/Users\/rilwanulhuda\/Projects\/Crypto-VIP\/CryptoTests\/HomeTests.swift","hash":"a26b4a7eeac0abf0e65a24bdffc63b308b811888"},{"path":"\/Users\/rilwanulhuda\/Projects\/Crypto-VIP\/CryptoTests\/NewsTests.swift","hash":"f87c6c75bd862fabfbbd5cbf148e80bd77da6073"},{"path":"\/Users\/rilwanulhuda\/Projects\/Crypto-VIP\/MockingbirdMocks\/CryptoTests-CryptoMocks.generated.swift","hash":"f9e9adc89bc984dd40553d4e765134e500d8d535"}],"dependencies":[],"name":"CryptoTests"}